#MicroXplorer Configuration settings - do not modify
Mcu.Family=STM32F4
RCC.PLLSourceVirtual=RCC_PLLSOURCE_HSE
ProjectManager.MainLocation=Core/Src
PC15-OSC32_OUT.Mode=LSE-External-Oscillator
Dma.USART1_TX.1.Instance=DMA2_Stream7
ProjectManager.ProjectFileName=HM10Example.ioc
RCC.CortexFreq_Value=96000000
FREERTOS.Tasks01=mainTask,24,512,StartMainTask,Default,NULL,Dynamic,NULL,NULL
Dma.USART1_RX.0.PeriphDataAlignment=DMA_PDATAALIGN_BYTE
ProjectManager.KeepUserCode=true
PA10.Mode=Asynchronous
Mcu.UserName=STM32F411CEUx
Mcu.PinsNb=13
Dma.USART1_TX.1.MemInc=DMA_MINC_ENABLE
ProjectManager.NoMain=false
PC13-ANTI_TAMP.GPIO_Label=BOARD_LED
Dma.USART1_TX.1.RequestParameters=Instance,Direction,PeriphInc,MemInc,PeriphDataAlignment,MemDataAlignment,Mode,Priority,FIFOMode
USART1.BaudRate=230400
NVIC.SavedSvcallIrqHandlerGenerated=true
RCC.PLLCLKFreq_Value=96000000
PA9.GPIO_Label=HM10_TX
RCC.PLLQCLKFreq_Value=48000000
ProjectManager.functionlistsort=1-MX_GPIO_Init-GPIO-false-HAL-true,2-MX_DMA_Init-DMA-false-HAL-true,3-SystemClock_Config-RCC-false-LL-false,4-MX_USART1_UART_Init-USART1-false-HAL-true
PH1\ -\ OSC_OUT.Mode=HSE-External-Oscillator
PA9.GPIOParameters=GPIO_Label
SH.GPXTI0.ConfNb=1
RCC.RTCFreq_Value=32000
ProjectManager.DefaultFWLocation=true
ProjectManager.DeletePrevious=true
USART1.IPParameters=VirtualMode,BaudRate
RCC.APB1CLKDivider=RCC_HCLK_DIV2
PC14-OSC32_IN.Signal=RCC_OSC32_IN
PinOutPanel.RotationAngle=0
PA0-WKUP.GPIO_ModeDefaultEXTI=GPIO_MODE_IT_FALLING
RCC.FamilyName=M
PC13-ANTI_TAMP.PinState=GPIO_PIN_SET
RCC.SYSCLKSource=RCC_SYSCLKSOURCE_PLLCLK
ProjectManager.StackSize=0x400
PA0-WKUP.GPIO_Label=BOARD_BUTTON
PA0-WKUP.Signal=GPXTI0
PA0-WKUP.Locked=true
VP_FREERTOS_VS_CMSIS_V2.Mode=CMSIS_V2
PA13.Signal=SYS_JTMS-SWDIO
Mcu.IP4=SYS
RCC.FCLKCortexFreq_Value=96000000
Mcu.IP5=USART1
Mcu.IP2=NVIC
NVIC.SVCall_IRQn=true\:0\:0\:false\:false\:false\:false\:false\:false
Mcu.IP3=RCC
Mcu.IP0=DMA
Mcu.IP1=FREERTOS
PA9.Mode=Asynchronous
PH0\ -\ OSC_IN.Mode=HSE-External-Oscillator
Mcu.UserConstants=
PH0\ -\ OSC_IN.Signal=RCC_OSC_IN
ProjectManager.TargetToolchain=STM32CubeIDE
Mcu.ThirdPartyNb=0
Dma.USART1_RX.0.Direction=DMA_PERIPH_TO_MEMORY
RCC.HCLKFreq_Value=96000000
Mcu.IPNb=6
RCC.I2SClocksFreq_Value=150000000
ProjectManager.PreviousToolchain=STM32CubeIDE
RCC.APB2TimFreq_Value=96000000
PA9.Signal=USART1_TX
RCC.VcooutputI2S=150000000
RCC.VCOInputMFreq_Value=1562500
Mcu.Pin6=PA9
Mcu.Pin7=PA10
ProjectManager.RegisterCallBack=
Mcu.Pin8=PA13
Dma.USART1_TX.1.FIFOMode=DMA_FIFOMODE_DISABLE
Mcu.Pin9=PA14
FREERTOS.IPParameters=Tasks01,FootprintOK
PC15-OSC32_OUT.Signal=RCC_OSC32_OUT
RCC.AHBFreq_Value=96000000
Dma.USART1_RX.0.PeriphInc=DMA_PINC_DISABLE
Dma.USART1_RX.0.Priority=DMA_PRIORITY_LOW
Mcu.Pin0=PC13-ANTI_TAMP
Mcu.Pin1=PC14-OSC32_IN
GPIO.groupedBy=Group By Peripherals
Mcu.Pin2=PC15-OSC32_OUT
Mcu.Pin3=PH0 - OSC_IN
Mcu.Pin4=PH1 - OSC_OUT
PA0-WKUP.GPIOParameters=GPIO_PuPd,GPIO_Label,GPIO_ModeDefaultEXTI
RCC.VCOI2SOutputFreq_Value=300000000
Mcu.Pin5=PA0-WKUP
ProjectManager.ProjectBuild=false
NVIC.TIM1_TRG_COM_TIM11_IRQn=true\:0\:0\:false\:false\:true\:false\:false\:true
RCC.HSE_VALUE=25000000
NVIC.UsageFault_IRQn=true\:0\:0\:false\:false\:true\:false\:false\:false
NVIC.DebugMonitor_IRQn=true\:0\:0\:false\:false\:true\:false\:false\:false
PH1\ -\ OSC_OUT.Signal=RCC_OSC_OUT
PB3.Mode=Trace_Asynchronous_SW
Dma.USART1_TX.1.MemDataAlignment=DMA_MDATAALIGN_BYTE
board=custom
PC13-ANTI_TAMP.Signal=GPIO_Output
RCC.VCOOutputFreq_Value=192000000
PC13-ANTI_TAMP.Locked=true
NVIC.SysTick_IRQn=true\:15\:0\:false\:false\:false\:true\:false\:true
ProjectManager.LastFirmware=true
PC13-ANTI_TAMP.GPIO_ModeDefaultOutputPP=GPIO_MODE_OUTPUT_OD
VP_SYS_VS_tim11.Signal=SYS_VS_tim11
ProjectManager.FirmwarePackage=STM32Cube FW_F4 V1.26.0
MxDb.Version=DB.6.0.20
NVIC.SavedSystickIrqHandlerGenerated=true
RCC.APB2Freq_Value=96000000
ProjectManager.BackupPrevious=true
MxCube.Version=6.2.0
PC14-OSC32_IN.Mode=LSE-External-Oscillator
RCC.VCOInputFreq_Value=1000000
PA14.Mode=Trace_Asynchronous_SW
File.Version=6
PA10.GPIO_Label=HM10_RX
PA10.GPIOParameters=GPIO_Label
RCC.EthernetFreq_Value=96000000
Dma.USART1_RX.0.MemDataAlignment=DMA_MDATAALIGN_BYTE
PA9.Locked=true
NVIC.NonMaskableInt_IRQn=true\:0\:0\:false\:false\:true\:false\:false\:false
NVIC.PendSV_IRQn=true\:15\:0\:false\:false\:false\:true\:false\:false
Dma.USART1_RX.0.MemInc=DMA_MINC_ENABLE
PA13.Mode=Trace_Asynchronous_SW
ProjectManager.FreePins=false
RCC.IPParameters=48MHZClocksFreq_Value,AHBFreq_Value,APB1CLKDivider,APB1Freq_Value,APB1TimFreq_Value,APB2Freq_Value,APB2TimFreq_Value,CortexFreq_Value,EthernetFreq_Value,FCLKCortexFreq_Value,FamilyName,HCLKFreq_Value,HSE_VALUE,HSI_VALUE,I2SClocksFreq_Value,LSI_VALUE,PLLCLKFreq_Value,PLLM,PLLQCLKFreq_Value,PLLSourceVirtual,RTCFreq_Value,RTCHSEDivFreq_Value,SYSCLKFreq_VALUE,SYSCLKSource,VCOI2SOutputFreq_Value,VCOInputFreq_Value,VCOInputMFreq_Value,VCOOutputFreq_Value,VcooutputI2S
ProjectManager.AskForMigrate=true
Mcu.Name=STM32F411C(C-E)Ux
VP_SYS_VS_tim11.Mode=TIM11
Dma.RequestsNb=2
ProjectManager.HalAssertFull=false
Dma.USART1_TX.1.PeriphDataAlignment=DMA_PDATAALIGN_BYTE
NVIC.SavedPendsvIrqHandlerGenerated=true
RCC.RTCHSEDivFreq_Value=12500000
ProjectManager.ProjectName=HM10Example
ProjectManager.UnderRoot=true
VP_FREERTOS_VS_CMSIS_V2.Signal=FREERTOS_VS_CMSIS_V2
ProjectManager.CoupleFile=true
RCC.48MHZClocksFreq_Value=48000000
PB3.Signal=SYS_JTDO-SWO
RCC.SYSCLKFreq_VALUE=96000000
Mcu.Package=UFQFPN48
NVIC.DMA2_Stream7_IRQn=true\:5\:0\:false\:false\:true\:true\:false\:true
NVIC.TimeBase=TIM1_TRG_COM_TIM11_IRQn
PA10.Locked=true
NVIC.ForceEnableDMAVector=true
KeepUserPlacement=false
Dma.USART1_TX.1.Mode=DMA_NORMAL
NVIC.MemoryManagement_IRQn=true\:0\:0\:false\:false\:true\:false\:false\:false
USART1.VirtualMode=VM_ASYNC
ProjectManager.CompilerOptimize=6
ProjectManager.ToolChainLocation=
RCC.LSI_VALUE=32000
SH.GPXTI0.0=GPIO_EXTI0
Dma.USART1_RX.0.RequestParameters=Instance,Direction,PeriphInc,MemInc,PeriphDataAlignment,MemDataAlignment,Mode,Priority,FIFOMode
NVIC.TimeBaseIP=TIM11
PA10.Signal=USART1_RX
PA14.Signal=SYS_JTCK-SWCLK
FREERTOS.FootprintOK=true
ProjectManager.HeapSize=0x200
Dma.USART1_TX.1.PeriphInc=DMA_PINC_DISABLE
NVIC.HardFault_IRQn=true\:0\:0\:false\:false\:true\:false\:false\:false
ProjectManager.ComputerToolchain=false
RCC.HSI_VALUE=16000000
NVIC.PriorityGroup=NVIC_PRIORITYGROUP_4
Dma.USART1_RX.0.FIFOMode=DMA_FIFOMODE_DISABLE
Mcu.Pin11=VP_FREERTOS_VS_CMSIS_V2
Mcu.Pin12=VP_SYS_VS_tim11
NVIC.DMA2_Stream2_IRQn=true\:5\:0\:false\:false\:true\:true\:false\:true
RCC.PLLM=25
Mcu.Pin10=PB3
Dma.Request1=USART1_TX
RCC.APB1TimFreq_Value=96000000
PA0-WKUP.GPIO_PuPd=GPIO_PULLUP
NVIC.BusFault_IRQn=true\:0\:0\:false\:false\:true\:false\:false\:false
Dma.USART1_RX.0.Mode=DMA_CIRCULAR
Dma.USART1_TX.1.Priority=DMA_PRIORITY_LOW
NVIC.USART1_IRQn=true\:5\:0\:false\:false\:true\:true\:true\:true
Dma.Request0=USART1_RX
RCC.APB1Freq_Value=48000000
Dma.USART1_RX.0.Instance=DMA2_Stream2
ProjectManager.CustomerFirmwarePackage=
ProjectManager.DeviceId=STM32F411CEUx
ProjectManager.LibraryCopy=1
PC13-ANTI_TAMP.GPIOParameters=PinState,GPIO_Label,GPIO_ModeDefaultOutputPP
Dma.USART1_TX.1.Direction=DMA_MEMORY_TO_PERIPH
isbadioc=false
